// !$*UTF8*$!
{
	archiveVersion = 1;
	classes = {
	};
	objectVersion = 46;
	objects = {

/* Begin PBXBuildFile section */
		778562DB1D3ABF370073F226 /* AppDelegate.swift in Sources */ = {isa = PBXBuildFile; fileRef = 778562DA1D3ABF370073F226 /* AppDelegate.swift */; };
		778562DD1D3ABF370073F226 /* ViewController.swift in Sources */ = {isa = PBXBuildFile; fileRef = 778562DC1D3ABF370073F226 /* ViewController.swift */; };
		778562E01D3ABF370073F226 /* Main.storyboard in Resources */ = {isa = PBXBuildFile; fileRef = 778562DE1D3ABF370073F226 /* Main.storyboard */; };
		778562E21D3ABF370073F226 /* Assets.xcassets in Resources */ = {isa = PBXBuildFile; fileRef = 778562E11D3ABF370073F226 /* Assets.xcassets */; };
		778562E51D3ABF370073F226 /* LaunchScreen.storyboard in Resources */ = {isa = PBXBuildFile; fileRef = 778562E31D3ABF370073F226 /* LaunchScreen.storyboard */; };
		778562ED1D3AE21F0073F226 /* orc.swift in Sources */ = {isa = PBXBuildFile; fileRef = 778562EC1D3AE21F0073F226 /* orc.swift */; };
		778562EF1D3AE22B0073F226 /* knight.swift in Sources */ = {isa = PBXBuildFile; fileRef = 778562EE1D3AE22B0073F226 /* knight.swift */; };
		778562F11D3AEC910073F226 /* player.swift in Sources */ = {isa = PBXBuildFile; fileRef = 778562F01D3AEC910073F226 /* player.swift */; };
/* End PBXBuildFile section */

/* Begin PBXFileReference section */
		778562D71D3ABF370073F226 /* ooprpgmultiplayer.app */ = {isa = PBXFileReference; explicitFileType = wrapper.application; includeInIndex = 0; path = ooprpgmultiplayer.app; sourceTree = BUILT_PRODUCTS_DIR; };
		778562DA1D3ABF370073F226 /* AppDelegate.swift */ = {isa = PBXFileReference; lastKnownFileType = sourcecode.swift; path = AppDelegate.swift; sourceTree = "<group>"; };
		778562DC1D3ABF370073F226 /* ViewController.swift */ = {isa = PBXFileReference; lastKnownFileType = sourcecode.swift; path = ViewController.swift; sourceTree = "<group>"; };
		778562DF1D3ABF370073F226 /* Base */ = {isa = PBXFileReference; lastKnownFileType = file.storyboard; name = Base; path = Base.lproj/Main.storyboard; sourceTree = "<group>"; };
		778562E11D3ABF370073F226 /* Assets.xcassets */ = {isa = PBXFileReference; lastKnownFileType = folder.assetcatalog; path = Assets.xcassets; sourceTree = "<group>"; };
		778562E41D3ABF370073F226 /* Base */ = {isa = PBXFileReference; lastKnownFileType = file.storyboard; name = Base; path = Base.lproj/LaunchScreen.storyboard; sourceTree = "<group>"; };
		778562E61D3ABF370073F226 /* Info.plist */ = {isa = PBXFileReference; lastKnownFileType = text.plist.xml; path = Info.plist; sourceTree = "<group>"; };
		778562EC1D3AE21F0073F226 /* orc.swift */ = {isa = PBXFileReference; fileEncoding = 4; lastKnownFileType = sourcecode.swift; path = orc.swift; sourceTree = "<group>"; };
		778562EE1D3AE22B0073F226 /* knight.swift */ = {isa = PBXFileReference; fileEncoding = 4; lastKnownFileType = sourcecode.swift; path = knight.swift; sourceTree = "<group>"; };
		778562F01D3AEC910073F226 /* player.swift */ = {isa = PBXFileReference; fileEncoding = 4; lastKnownFileType = sourcecode.swift; path = player.swift; sourceTree = "<group>"; };
/* End PBXFileReference section */

/* Begin PBXFrameworksBuildPhase section */
		778562D41D3ABF370073F226 /* Frameworks */ = {
			isa = PBXFrameworksBuildPhase;
			buildActionMask = 2147483647;
			files = (
			);
			runOnlyForDeploymentPostprocessing = 0;
		};
/* End PBXFrameworksBuildPhase section */

/* Begin PBXGroup section */
		778562CE1D3ABF370073F226 = {
			isa = PBXGroup;
			children = (
				778562D91D3ABF370073F226 /* ooprpgmultiplayer */,
				778562D81D3ABF370073F226 /* Products */,
			);
			sourceTree = "<group>";
		};
		778562D81D3ABF370073F226 /* Products */ = {
			isa = PBXGroup;
			children = (
				778562D71D3ABF370073F226 /* ooprpgmultiplayer.app */,
			);
			name = Products;
			sourceTree = "<group>";
		};
		778562D91D3ABF370073F226 /* ooprpgmultiplayer */ = {
			isa = PBXGroup;
			children = (
				778562DA1D3ABF370073F226 /* AppDelegate.swift */,
				778562DC1D3ABF370073F226 /* ViewController.swift */,
				778562DE1D3ABF370073F226 /* Main.storyboard */,
				778562E11D3ABF370073F226 /* Assets.xcassets */,
				778562E31D3ABF370073F226 /* LaunchScreen.storyboard */,
				778562E61D3ABF370073F226 /* Info.plist */,
				778562EC1D3AE21F0073F226 /* orc.swift */,
				778562EE1D3AE22B0073F226 /* knight.swift */,
				778562F01D3AEC910073F226 /* player.swift */,
			);
			path = ooprpgmultiplayer;
			sourceTree = "<group>";
		};
/* End PBXGroup section */

/* Begin PBXNativeTarget section */
		778562D61D3ABF370073F226 /* ooprpgmultiplayer */ = {
			isa = PBXNativeTarget;
			buildConfigurationList = 778562E91D3ABF370073F226 /* Build configuration list for PBXNativeTarget "ooprpgmultiplayer" */;
			buildPhases = (
				778562D31D3ABF370073F226 /* Sources */,
				778562D41D3ABF370073F226 /* Frameworks */,
				778562D51D3ABF370073F226 /* Resources */,
			);
			buildRules = (
			);
			dependencies = (
			);
			name = ooprpgmultiplayer;
			productName = ooprpgmultiplayer;
			productReference = 778562D71D3ABF370073F226 /* ooprpgmultiplayer.app */;
			productType = "com.apple.product-type.application";
		};
/* End PBXNativeTarget section */

/* Begin PBXProject section */
		778562CF1D3ABF370073F226 /* Project object */ = {
			isa = PBXProject;
			attributes = {
				LastSwiftUpdateCheck = 0730;
				LastUpgradeCheck = 0730;
				ORGANIZATIONNAME = MarvinAndara;
				TargetAttributes = {
					778562D61D3ABF370073F226 = {
						CreatedOnToolsVersion = 7.3.1;
						DevelopmentTeam = 936SY8KXJW;
					};
				};
			};
			buildConfigurationList = 778562D21D3ABF370073F226 /* Build configuration list for PBXProject "ooprpgmultiplayer" */;
			compatibilityVersion = "Xcode 3.2";
			developmentRegion = English;
			hasScannedForEncodings = 0;
			knownRegions = (
				en,
				Base,
			);
			mainGroup = 778562CE1D3ABF370073F226;
			productRefGroup = 778562D81D3ABF370073F226 /* Products */;
			projectDirPath = "";
			projectRoot = "";
			targets = (
				778562D61D3ABF370073F226 /* ooprpgmultiplayer */,
			);
		};
/* End PBXProject section */

/* Begin PBXResourcesBuildPhase section */
		778562D51D3ABF370073F226 /* Resources */ = {
			isa = PBXResourcesBuildPhase;
			buildActionMask = 2147483647;
			files = (
				778562E51D3ABF370073F226 /* LaunchScreen.storyboard in Resources */,
				778562E21D3ABF370073F226 /* Assets.xcassets in Resources */,
				778562E01D3ABF370073F226 /* Main.storyboard in Resources */,
			);
			runOnlyForDeploymentPostprocessing = 0;
		};
/* End PBXResourcesBuildPhase section */

/* Begin PBXSourcesBuildPhase section */
		778562D31D3ABF370073F226 /* Sources */ = {
			isa = PBXSourcesBuildPhase;
			buildActionMask = 2147483647;
			files = (
				778562EF1D3AE22B0073F226 /* knight.swift in Sources */,
				778562DD1D3ABF370073F226 /* ViewController.swift in Sources */,
				778562ED1D3AE21F0073F226 /* orc.swift in Sources */,
				778562F11D3AEC910073F226 /* player.swift in Sources */,
				778562DB1D3ABF370073F226 /* AppDelegate.swift in Sources */,
			);
			runOnlyForDeploymentPostprocessing = 0;
		};
/* End PBXSourcesBuildPhase section */

/* Begin PBXVariantGroup section */
		778562DE1D3ABF370073F226 /* Main.storyboard */ = {
			isa = PBXVariantGroup;
			children = (
				778562DF1D3ABF370073F226 /* Base */,
			);
			name = Main.storyboard;
			sourceTree = "<group>";
		};
		778562E31D3ABF370073F226 /* LaunchScreen.storyboard */ = {
			isa = PBXVariantGroup;
			children = (
				778562E41D3ABF370073F226 /* Base */,
			);
			name = LaunchScreen.storyboard;
			sourceTree = "<group>";
		};
/* End PBXVariantGroup section */

/* Begin XCBuildConfiguration section */
		778562E71D3ABF370073F226 /* Debug */ = {
			isa = XCBuildConfiguration;
			buildSettings = {
				ALWAYS_SEARCH_USER_PATHS = NO;
				CLANG_ANALYZER_NONNULL = YES;
				CLANG_CXX_LANGUAGE_STANDARD = "gnu++0x";
				CLANG_CXX_LIBRARY = "libc++";
				CLANG_ENABLE_MODULES = YES;
				CLANG_ENABLE_OBJC_ARC = YES;
				CLANG_WARN_BOOL_CONVERSION = YES;
				CLANG_WARN_CONSTANT_CONVERSION = YES;
				CLANG_WARN_DIRECT_OBJC_ISA_USAGE = YES_ERROR;
				CLANG_WARN_EMPTY_BODY = YES;
				CLANG_WARN_ENUM_CONVERSION = YES;
				CLANG_WARN_INT_CONVERSION = YES;
				CLANG_WARN_OBJC_ROOT_CLASS = YES_ERROR;
				CLANG_WARN_UNREACHABLE_CODE = YES;
				CLANG_WARN__DUPLICATE_METHOD_MATCH = YES;
				"CODE_SIGN_IDENTITY[sdk=iphoneos*]" = "iPhone Developer";
				COPY_PHASE_STRIP = NO;
				DEBUG_INFORMATION_FORMAT = dwarf;
				ENABLE_STRICT_OBJC_MSGSEND = YES;
				ENABLE_TESTABILITY = YES;
				GCC_C_LANGUAGE_STANDARD = gnu99;
				GCC_DYNAMIC_NO_PIC = NO;
				GCC_NO_COMMON_BLOCKS = YES;
				GCC_OPTIMIZATION_LEVEL = 0;
				GCC_PREPROCESSOR_DEFINITIONS = (
					"DEBUG=1",
					"$(inherited)",
				);
				GCC_WARN_64_TO_32_BIT_CONVERSION = YES;
				GCC_WARN_ABOUT_RETURN_TYPE = YES_ERROR;
				GCC_WARN_UNDECLARED_SELECTOR = YES;
				GCC_WARN_UNINITIALIZED_AUTOS = YES_AGGRESSIVE;
				GCC_WARN_UNUSED_FUNCTION = YES;
				GCC_WARN_UNUSED_VARIABLE = YES;
				IPHONEOS_DEPLOYMENT_TARGET = 9.3;
				MTL_ENABLE_DEBUG_INFO = YES;
				ONLY_ACTIVE_ARCH = YES;
				SDKROOT = iphoneos;
				SWIFT_OPTIMIZATION_LEVEL = "-Onone";
				TARGETED_DEVICE_FAMILY = "1,2";
			};
			name = Debug;
		};
		778562E81D3ABF370073F226 /* Release */ = {
			isa = XCBuildConfiguration;
			buildSettings = {
				ALWAYS_SEARCH_USER_PATHS = NO;
				CLANG_ANALYZER_NONNULL = YES;
				CLANG_CXX_LANGUAGE_STANDARD = "gnu++0x";
				CLANG_CXX_LIBRARY = "libc++";
				CLANG_ENABLE_MODULES = YES;
				CLANG_ENABLE_OBJC_ARC = YES;
				CLANG_WARN_BOOL_CONVERSION = YES;
				CLANG_WARN_CONSTANT_CONVERSION = YES;
				CLANG_WARN_DIRECT_OBJC_ISA_USAGE = YES_ERROR;
				CLANG_WARN_EMPTY_BODY = YES;
				CLANG_WARN_ENUM_CONVERSION = YES;
				CLANG_WARN_INT_CONVERSION = YES;
				CLANG_WARN_OBJC_ROOT_CLASS = YES_ERROR;
				CLANG_WARN_UNREACHABLE_CODE = YES;
				CLANG_WARN__DUPLICATE_METHOD_MATCH = YES;
				"CODE_SIGN_IDENTITY[sdk=iphoneos*]" = "iPhone Developer";
				COPY_PHASE_STRIP = NO;
				DEBUG_INFORMATION_FORMAT = "dwarf-with-dsym";
				ENABLE_NS_ASSERTIONS = NO;
				ENABLE_STRICT_OBJC_MSGSEND = YES;
				GCC_C_LANGUAGE_STANDARD = gnu99;
				GCC_NO_COMMON_BLOCKS = YES;
				GCC_WARN_64_TO_32_BIT_CONVERSION = YES;
				GCC_WARN_ABOUT_RETURN_TYPE = YES_ERROR;
				GCC_WARN_UNDECLARED_SELECTOR = YES;
				GCC_WARN_UNINITIALIZED_AUTOS = YES_AGGRESSIVE;
				GCC_WARN_UNUSED_FUNCTION = YES;
				GCC_WARN_UNUSED_VARIABLE = YES;
				IPHONEOS_DEPLOYMENT_TARGET = 9.3;
				MTL_ENABLE_DEBUG_INFO = NO;
				SDKROOT = iphoneos;
				TARGETED_DEVICE_FAMILY = "1,2";
				VALIDATE_PRODUCT = YES;
			};
			name = Release;
		};
		778562EA1D3ABF370073F226 /* Debug */ = {
			isa = XCBuildConfiguration;
			buildSettings = {
				ASSETCATALOG_COMPILER_APPICON_NAME = AppIcon;
				INFOPLIST_FILE = ooprpgmultiplayer/Info.plist;
				LD_RUNPATH_SEARCH_PATHS = "$(inherited) @executable_path/Frameworks";
				PRODUCT_BUNDLE_IDENTIFIER = com.MarvinAndara.ooprpgmultiplayer;
				PRODUCT_NAME = "$(TARGET_NAME)";
			};
			name = Debug;
		};
		778562EB1D3ABF370073F226 /* Release */ = {
			isa = XCBuildConfiguration;
			buildSettings = {
				ASSETCATALOG_COMPILER_APPICON_NAME = AppIcon;
				INFOPLIST_FILE = ooprpgmultiplayer/Info.plist;
				LD_RUNPATH_SEARCH_PATHS = "$(inherited) @executable_path/Frameworks";
				PRODUCT_BUNDLE_IDENTIFIER = com.MarvinAndara.ooprpgmultiplayer;
				PRODUCT_NAME = "$(TARGET_NAME)";
			};
			name = Release;
		};
/* End XCBuildConfiguration section */

/* Begin XCConfigurationList section */
		778562D21D3ABF370073F226 /* Build configuration list for PBXProject "ooprpgmultiplayer" */ = {
			isa = XCConfigurationList;
			buildConfigurations = (
				778562E71D3ABF370073F226 /* Debug */,
				778562E81D3ABF370073F226 /* Release */,
			);
			defaultConfigurationIsVisible = 0;
			defaultConfigurationName = Release;
		};
		778562E91D3ABF370073F226 /* Build configuration list for PBXNativeTarget "ooprpgmultiplayer" */ = {
			isa = XCConfigurationList;
			buildConfigurations = (
				778562EA1D3ABF370073F226 /* Debug */,
				778562EB1D3ABF370073F226 /* Release */,
			);
			defaultConfigurationIsVisible = 0;
		};
/* End XCConfigurationList section */
	};
	rootObject = 778562CF1D3ABF370073F226 /* Project object */;
}
